// !$*UTF8*$!
{
	archiveVersion = 1;
	classes = {
	};
	objectVersion = 46;
	objects = {

/* Begin PBXBuildFile section */
		46CE86491B9F8AE000E40B8C /* AppDelegate.swift in Sources */ = {isa = PBXBuildFile; fileRef = 46CE86481B9F8AE000E40B8C /* AppDelegate.swift */; };
		46CE864B1B9F8AE000E40B8C /* ViewController.swift in Sources */ = {isa = PBXBuildFile; fileRef = 46CE864A1B9F8AE000E40B8C /* ViewController.swift */; };
		46CE864E1B9F8AE000E40B8C /* Main.storyboard in Resources */ = {isa = PBXBuildFile; fileRef = 46CE864C1B9F8AE000E40B8C /* Main.storyboard */; };
		46CE86501B9F8AE000E40B8C /* Images.xcassets in Resources */ = {isa = PBXBuildFile; fileRef = 46CE864F1B9F8AE000E40B8C /* Images.xcassets */; };
		46CE86531B9F8AE000E40B8C /* LaunchScreen.xib in Resources */ = {isa = PBXBuildFile; fileRef = 46CE86511B9F8AE000E40B8C /* LaunchScreen.xib */; };
		46CE865F1B9F8AE000E40B8C /* BGImageViewScrollerTests.swift in Sources */ = {isa = PBXBuildFile; fileRef = 46CE865E1B9F8AE000E40B8C /* BGImageViewScrollerTests.swift */; };
		46CE86691B9F8AEF00E40B8C /* BGImageScroller.swift in Sources */ = {isa = PBXBuildFile; fileRef = 46CE86681B9F8AEF00E40B8C /* BGImageScroller.swift */; };
/* End PBXBuildFile section */

/* Begin PBXContainerItemProxy section */
		46CE86591B9F8AE000E40B8C /* PBXContainerItemProxy */ = {
			isa = PBXContainerItemProxy;
			containerPortal = 46CE863B1B9F8AE000E40B8C /* Project object */;
			proxyType = 1;
			remoteGlobalIDString = 46CE86421B9F8AE000E40B8C;
			remoteInfo = BGImageViewScroller;
		};
/* End PBXContainerItemProxy section */

/* Begin PBXFileReference section */
		46CE86431B9F8AE000E40B8C /* BGImageViewScroller.app */ = {isa = PBXFileReference; explicitFileType = wrapper.application; includeInIndex = 0; path = BGImageViewScroller.app; sourceTree = BUILT_PRODUCTS_DIR; };
		46CE86471B9F8AE000E40B8C /* Info.plist */ = {isa = PBXFileReference; lastKnownFileType = text.plist.xml; path = Info.plist; sourceTree = "<group>"; };
		46CE86481B9F8AE000E40B8C /* AppDelegate.swift */ = {isa = PBXFileReference; lastKnownFileType = sourcecode.swift; path = AppDelegate.swift; sourceTree = "<group>"; };
		46CE864A1B9F8AE000E40B8C /* ViewController.swift */ = {isa = PBXFileReference; lastKnownFileType = sourcecode.swift; path = ViewController.swift; sourceTree = "<group>"; };
		46CE864D1B9F8AE000E40B8C /* Base */ = {isa = PBXFileReference; lastKnownFileType = file.storyboard; name = Base; path = Base.lproj/Main.storyboard; sourceTree = "<group>"; };
		46CE864F1B9F8AE000E40B8C /* Images.xcassets */ = {isa = PBXFileReference; lastKnownFileType = folder.assetcatalog; path = Images.xcassets; sourceTree = "<group>"; };
		46CE86521B9F8AE000E40B8C /* Base */ = {isa = PBXFileReference; lastKnownFileType = file.xib; name = Base; path = Base.lproj/LaunchScreen.xib; sourceTree = "<group>"; };
		46CE86581B9F8AE000E40B8C /* BGImageViewScrollerTests.xctest */ = {isa = PBXFileReference; explicitFileType = wrapper.cfbundle; includeInIndex = 0; path = BGImageViewScrollerTests.xctest; sourceTree = BUILT_PRODUCTS_DIR; };
		46CE865D1B9F8AE000E40B8C /* Info.plist */ = {isa = PBXFileReference; lastKnownFileType = text.plist.xml; path = Info.plist; sourceTree = "<group>"; };
		46CE865E1B9F8AE000E40B8C /* BGImageViewScrollerTests.swift */ = {isa = PBXFileReference; lastKnownFileType = sourcecode.swift; path = BGImageViewScrollerTests.swift; sourceTree = "<group>"; };
		46CE86681B9F8AEF00E40B8C /* BGImageScroller.swift */ = {isa = PBXFileReference; fileEncoding = 4; lastKnownFileType = sourcecode.swift; path = BGImageScroller.swift; sourceTree = "<group>"; };
/* End PBXFileReference section */

/* Begin PBXFrameworksBuildPhase section */
		46CE86401B9F8AE000E40B8C /* Frameworks */ = {
			isa = PBXFrameworksBuildPhase;
			buildActionMask = 2147483647;
			files = (
			);
			runOnlyForDeploymentPostprocessing = 0;
		};
		46CE86551B9F8AE000E40B8C /* Frameworks */ = {
			isa = PBXFrameworksBuildPhase;
			buildActionMask = 2147483647;
			files = (
			);
			runOnlyForDeploymentPostprocessing = 0;
		};
/* End PBXFrameworksBuildPhase section */

/* Begin PBXGroup section */
		46CE863A1B9F8AE000E40B8C = {
			isa = PBXGroup;
			children = (
				46CE86451B9F8AE000E40B8C /* BGImageViewScroller */,
				46CE865B1B9F8AE000E40B8C /* BGImageViewScrollerTests */,
				46CE86441B9F8AE000E40B8C /* Products */,
			);
			sourceTree = "<group>";
		};
		46CE86441B9F8AE000E40B8C /* Products */ = {
			isa = PBXGroup;
			children = (
				46CE86431B9F8AE000E40B8C /* BGImageViewScroller.app */,
				46CE86581B9F8AE000E40B8C /* BGImageViewScrollerTests.xctest */,
			);
			name = Products;
			sourceTree = "<group>";
		};
		46CE86451B9F8AE000E40B8C /* BGImageViewScroller */ = {
			isa = PBXGroup;
			children = (
				46CE86681B9F8AEF00E40B8C /* BGImageScroller.swift */,
				46CE86481B9F8AE000E40B8C /* AppDelegate.swift */,
				46CE864A1B9F8AE000E40B8C /* ViewController.swift */,
				46CE864C1B9F8AE000E40B8C /* Main.storyboard */,
				46CE864F1B9F8AE000E40B8C /* Images.xcassets */,
				46CE86511B9F8AE000E40B8C /* LaunchScreen.xib */,
				46CE86461B9F8AE000E40B8C /* Supporting Files */,
			);
			path = BGImageViewScroller;
			sourceTree = "<group>";
		};
		46CE86461B9F8AE000E40B8C /* Supporting Files */ = {
			isa = PBXGroup;
			children = (
				46CE86471B9F8AE000E40B8C /* Info.plist */,
			);
			name = "Supporting Files";
			sourceTree = "<group>";
		};
		46CE865B1B9F8AE000E40B8C /* BGImageViewScrollerTests */ = {
			isa = PBXGroup;
			children = (
				46CE865E1B9F8AE000E40B8C /* BGImageViewScrollerTests.swift */,
				46CE865C1B9F8AE000E40B8C /* Supporting Files */,
			);
			path = BGImageViewScrollerTests;
			sourceTree = "<group>";
		};
		46CE865C1B9F8AE000E40B8C /* Supporting Files */ = {
			isa = PBXGroup;
			children = (
				46CE865D1B9F8AE000E40B8C /* Info.plist */,
			);
			name = "Supporting Files";
			sourceTree = "<group>";
		};
/* End PBXGroup section */

/* Begin PBXNativeTarget section */
		46CE86421B9F8AE000E40B8C /* BGImageViewScroller */ = {
			isa = PBXNativeTarget;
			buildConfigurationList = 46CE86621B9F8AE000E40B8C /* Build configuration list for PBXNativeTarget "BGImageViewScroller" */;
			buildPhases = (
				46CE863F1B9F8AE000E40B8C /* Sources */,
				46CE86401B9F8AE000E40B8C /* Frameworks */,
				46CE86411B9F8AE000E40B8C /* Resources */,
			);
			buildRules = (
			);
			dependencies = (
			);
			name = BGImageViewScroller;
			productName = BGImageViewScroller;
			productReference = 46CE86431B9F8AE000E40B8C /* BGImageViewScroller.app */;
			productType = "com.apple.product-type.application";
		};
		46CE86571B9F8AE000E40B8C /* BGImageViewScrollerTests */ = {
			isa = PBXNativeTarget;
			buildConfigurationList = 46CE86651B9F8AE000E40B8C /* Build configuration list for PBXNativeTarget "BGImageViewScrollerTests" */;
			buildPhases = (
				46CE86541B9F8AE000E40B8C /* Sources */,
				46CE86551B9F8AE000E40B8C /* Frameworks */,
				46CE86561B9F8AE000E40B8C /* Resources */,
			);
			buildRules = (
			);
			dependencies = (
				46CE865A1B9F8AE000E40B8C /* PBXTargetDependency */,
			);
			name = BGImageViewScrollerTests;
			productName = BGImageViewScrollerTests;
			productReference = 46CE86581B9F8AE000E40B8C /* BGImageViewScrollerTests.xctest */;
			productType = "com.apple.product-type.bundle.unit-test";
		};
/* End PBXNativeTarget section */

/* Begin PBXProject section */
		46CE863B1B9F8AE000E40B8C /* Project object */ = {
			isa = PBXProject;
			attributes = {
				LastUpgradeCheck = 0640;
				ORGANIZATIONNAME = BG;
				TargetAttributes = {
					46CE86421B9F8AE000E40B8C = {
						CreatedOnToolsVersion = 6.4;
					};
					46CE86571B9F8AE000E40B8C = {
						CreatedOnToolsVersion = 6.4;
						TestTargetID = 46CE86421B9F8AE000E40B8C;
					};
				};
			};
			buildConfigurationList = 46CE863E1B9F8AE000E40B8C /* Build configuration list for PBXProject "BGImageViewScroller" */;
			compatibilityVersion = "Xcode 3.2";
			developmentRegion = English;
			hasScannedForEncodings = 0;
			knownRegions = (
				en,
				Base,
			);
			mainGroup = 46CE863A1B9F8AE000E40B8C;
			productRefGroup = 46CE86441B9F8AE000E40B8C /* Products */;
			projectDirPath = "";
			projectRoot = "";
			targets = (
				46CE86421B9F8AE000E40B8C /* BGImageViewScroller */,
				46CE86571B9F8AE000E40B8C /* BGImageViewScrollerTests */,
			);
		};
/* End PBXProject section */

/* Begin PBXResourcesBuildPhase section */
		46CE86411B9F8AE000E40B8C /* Resources */ = {
			isa = PBXResourcesBuildPhase;
			buildActionMask = 2147483647;
			files = (
				46CE864E1B9F8AE000E40B8C /* Main.storyboard in Resources */,
				46CE86531B9F8AE000E40B8C /* LaunchScreen.xib in Resources */,
				46CE86501B9F8AE000E40B8C /* Images.xcassets in Resources */,
			);
			runOnlyForDeploymentPostprocessing = 0;
		};
		46CE86561B9F8AE000E40B8C /* Resources */ = {
			isa = PBXResourcesBuildPhase;
			buildActionMask = 2147483647;
			files = (
			);
			runOnlyForDeploymentPostprocessing = 0;
		};
/* End PBXResourcesBuildPhase section */

/* Begin PBXSourcesBuildPhase section */
		46CE863F1B9F8AE000E40B8C /* Sources */ = {
			isa = PBXSourcesBuildPhase;
			buildActionMask = 2147483647;
			files = (
				46CE864B1B9F8AE000E40B8C /* ViewController.swift in Sources */,
				46CE86691B9F8AEF00E40B8C /* BGImageScroller.swift in Sources */,
				46CE86491B9F8AE000E40B8C /* AppDelegate.swift in Sources */,
			);
			runOnlyForDeploymentPostprocessing = 0;
		};
		46CE86541B9F8AE000E40B8C /* Sources */ = {
			isa = PBXSourcesBuildPhase;
			buildActionMask = 2147483647;
			files = (
				46CE865F1B9F8AE000E40B8C /* BGImageViewScrollerTests.swift in Sources */,
			);
			runOnlyForDeploymentPostprocessing = 0;
		};
/* End PBXSourcesBuildPhase section */

/* Begin PBXTargetDependency section */
		46CE865A1B9F8AE000E40B8C /* PBXTargetDependency */ = {
			isa = PBXTargetDependency;
			target = 46CE86421B9F8AE000E40B8C /* BGImageViewScroller */;
			targetProxy = 46CE86591B9F8AE000E40B8C /* PBXContainerItemProxy */;
		};
/* End PBXTargetDependency section */

/* Begin PBXVariantGroup section */
		46CE864C1B9F8AE000E40B8C /* Main.storyboard */ = {
			isa = PBXVariantGroup;
			children = (
				46CE864D1B9F8AE000E40B8C /* Base */,
			);
			name = Main.storyboard;
			sourceTree = "<group>";
		};
		46CE86511B9F8AE000E40B8C /* LaunchScreen.xib */ = {
			isa = PBXVariantGroup;
			children = (
				46CE86521B9F8AE000E40B8C /* Base */,
			);
			name = LaunchScreen.xib;
			sourceTree = "<group>";
		};
/* End PBXVariantGroup section */

/* Begin XCBuildConfiguration section */
		46CE86601B9F8AE000E40B8C /* Debug */ = {
			isa = XCBuildConfiguration;
			buildSettings = {
				ALWAYS_SEARCH_USER_PATHS = NO;
				CLANG_CXX_LANGUAGE_STANDARD = "gnu++0x";
				CLANG_CXX_LIBRARY = "libc++";
				CLANG_ENABLE_MODULES = YES;
				CLANG_ENABLE_OBJC_ARC = YES;
				CLANG_WARN_BOOL_CONVERSION = YES;
				CLANG_WARN_CONSTANT_CONVERSION = YES;
				CLANG_WARN_DIRECT_OBJC_ISA_USAGE = YES_ERROR;
				CLANG_WARN_EMPTY_BODY = YES;
				CLANG_WARN_ENUM_CONVERSION = YES;
				CLANG_WARN_INT_CONVERSION = YES;
				CLANG_WARN_OBJC_ROOT_CLASS = YES_ERROR;
				CLANG_WARN_UNREACHABLE_CODE = YES;
				CLANG_WARN__DUPLICATE_METHOD_MATCH = YES;
				"CODE_SIGN_IDENTITY[sdk=iphoneos*]" = "iPhone Developer";
				COPY_PHASE_STRIP = NO;
				DEBUG_INFORMATION_FORMAT = "dwarf-with-dsym";
				ENABLE_STRICT_OBJC_MSGSEND = YES;
				GCC_C_LANGUAGE_STANDARD = gnu99;
				GCC_DYNAMIC_NO_PIC = NO;
				GCC_NO_COMMON_BLOCKS = YES;
				GCC_OPTIMIZATION_LEVEL = 0;
				GCC_PREPROCESSOR_DEFINITIONS = (
					"DEBUG=1",
					"$(inherited)",
				);
				GCC_SYMBOLS_PRIVATE_EXTERN = NO;
				GCC_WARN_64_TO_32_BIT_CONVERSION = YES;
				GCC_WARN_ABOUT_RETURN_TYPE = YES_ERROR;
				GCC_WARN_UNDECLARED_SELECTOR = YES;
				GCC_WARN_UNINITIALIZED_AUTOS = YES_AGGRESSIVE;
				GCC_WARN_UNUSED_FUNCTION = YES;
				GCC_WARN_UNUSED_VARIABLE = YES;
				IPHONEOS_DEPLOYMENT_TARGET = 8.4;
				MTL_ENABLE_DEBUG_INFO = YES;
				ONLY_ACTIVE_ARCH = YES;
				SDKROOT = iphoneos;
				SWIFT_OPTIMIZATION_LEVEL = "-Onone";
			};
			name = Debug;
		};
		46CE86611B9F8AE000E40B8C /* Release */ = {
			isa = XCBuildConfiguration;
			buildSettings = {
				ALWAYS_SEARCH_USER_PATHS = NO;
				CLANG_CXX_LANGUAGE_STANDARD = "gnu++0x";
				CLANG_CXX_LIBRARY = "libc++";
				CLANG_ENABLE_MODULES = YES;
				CLANG_ENABLE_OBJC_ARC = YES;
				CLANG_WARN_BOOL_CONVERSION = YES;
				CLANG_WARN_CONSTANT_CONVERSION = YES;
				CLANG_WARN_DIRECT_OBJC_ISA_USAGE = YES_ERROR;
				CLANG_WARN_EMPTY_BODY = YES;
				CLANG_WARN_ENUM_CONVERSION = YES;
				CLANG_WARN_INT_CONVERSION = YES;
				CLANG_WARN_OBJC_ROOT_CLASS = YES_ERROR;
				CLANG_WARN_UNREACHABLE_CODE = YES;
				CLANG_WARN__DUPLICATE_METHOD_MATCH = YES;
				"CODE_SIGN_IDENTITY[sdk=iphoneos*]" = "iPhone Developer";
				COPY_PHASE_STRIP = NO;
				DEBUG_INFORMATION_FORMAT = "dwarf-with-dsym";
				ENABLE_NS_ASSERTIONS = NO;
				ENABLE_STRICT_OBJC_MSGSEND = YES;
				GCC_C_LANGUAGE_STANDARD = gnu99;
				GCC_NO_COMMON_BLOCKS = YES;
				GCC_WARN_64_TO_32_BIT_CONVERSION = YES;
				GCC_WARN_ABOUT_RETURN_TYPE = YES_ERROR;
				GCC_WARN_UNDECLARED_SELECTOR = YES;
				GCC_WARN_UNINITIALIZED_AUTOS = YES_AGGRESSIVE;
				GCC_WARN_UNUSED_FUNCTION = YES;
				GCC_WARN_UNUSED_VARIABLE = YES;
				IPHONEOS_DEPLOYMENT_TARGET = 8.4;
				MTL_ENABLE_DEBUG_INFO = NO;
				SDKROOT = iphoneos;
				VALIDATE_PRODUCT = YES;
			};
			name = Release;
		};
		46CE86631B9F8AE000E40B8C /* Debug */ = {
			isa = XCBuildConfiguration;
			buildSettings = {
				ASSETCATALOG_COMPILER_APPICON_NAME = AppIcon;
				INFOPLIST_FILE = BGImageViewScroller/Info.plist;
				LD_RUNPATH_SEARCH_PATHS = "$(inherited) @executable_path/Frameworks";
				PRODUCT_NAME = "$(TARGET_NAME)";
			};
			name = Debug;
		};
		46CE86641B9F8AE000E40B8C /* Release */ = {
			isa = XCBuildConfiguration;
			buildSettings = {
				ASSETCATALOG_COMPILER_APPICON_NAME = AppIcon;
				INFOPLIST_FILE = BGImageViewScroller/Info.plist;
				LD_RUNPATH_SEARCH_PATHS = "$(inherited) @executable_path/Frameworks";
				PRODUCT_NAME = "$(TARGET_NAME)";
			};
			name = Release;
		};
		46CE86661B9F8AE000E40B8C /* Debug */ = {
			isa = XCBuildConfiguration;
			buildSettings = {
				BUNDLE_LOADER = "$(TEST_HOST)";
				FRAMEWORK_SEARCH_PATHS = (
					"$(SDKROOT)/Developer/Library/Frameworks",
					"$(inherited)",
				);
				GCC_PREPROCESSOR_DEFINITIONS = (
					"DEBUG=1",
					"$(inherited)",
				);
				INFOPLIST_FILE = BGImageViewScrollerTests/Info.plist;
				LD_RUNPATH_SEARCH_PATHS = "$(inherited) @executable_path/Frameworks @loader_path/Frameworks";
				PRODUCT_NAME = "$(TARGET_NAME)";
				TEST_HOST = "$(BUILT_PRODUCTS_DIR)/BGImageViewScroller.app/BGImageViewScroller";
			};
			name = Debug;
		};
		46CE86671B9F8AE000E40B8C /* Release */ = {
			isa = XCBuildConfiguration;
			buildSettings = {
				BUNDLE_LOADER = "$(TEST_HOST)";
				FRAMEWORK_SEARCH_PATHS = (
					"$(SDKROOT)/Developer/Library/Frameworks",
					"$(inherited)",
				);
				INFOPLIST_FILE = BGImageViewScrollerTests/Info.plist;
				LD_RUNPATH_SEARCH_PATHS = "$(inherited) @executable_path/Frameworks @loader_path/Frameworks";
				PRODUCT_NAME = "$(TARGET_NAME)";
				TEST_HOST = "$(BUILT_PRODUCTS_DIR)/BGImageViewScroller.app/BGImageViewScroller";
			};
			name = Release;
		};
/* End XCBuildConfiguration section */

/* Begin XCConfigurationList section */
		46CE863E1B9F8AE000E40B8C /* Build configuration list for PBXProject "BGImageViewScroller" */ = {
			isa = XCConfigurationList;
			buildConfigurations = (
				46CE86601B9F8AE000E40B8C /* Debug */,
				46CE86611B9F8AE000E40B8C /* Release */,
			);
			defaultConfigurationIsVisible = 0;
			defaultConfigurationName = Release;
		};
		46CE86621B9F8AE000E40B8C /* Build configuration list for PBXNativeTarget "BGImageViewScroller" */ = {
			isa = XCConfigurationList;
			buildConfigurations = (
				46CE86631B9F8AE000E40B8C /* Debug */,
				46CE86641B9F8AE000E40B8C /* Release */,
			);
			defaultConfigurationIsVisible = 0;
		};
		46CE86651B9F8AE000E40B8C /* Build configuration list for PBXNativeTarget "BGImageViewScrollerTests" */ = {
			isa = XCConfigurationList;
			buildConfigurations = (
				46CE86661B9F8AE000E40B8C /* Debug */,
				46CE86671B9F8AE000E40B8C /* Release */,
			);
			defaultConfigurationIsVisible = 0;
		};
/* End XCConfigurationList section */
	};
	rootObject = 46CE863B1B9F8AE000E40B8C /* Project object */;
}
